
Microsoft Visual Studio Solution File, Format Version 12.00
# Visual Studio Version 17
VisualStudioVersion = 17.11.35312.102
MinimumVisualStudioVersion = 10.0.40219.1
Project("{FAE04EC0-301F-11D3-BF4B-00C04F79EFBC}") = "uvodnaVjezba3", "uvodnaVjezba3\uvodnaVjezba3.csproj", "{638947CF-B236-47C6-9F97-D3C51CD2A1E4}"
EndProject
Global
	GlobalSection(SolutionConfigurationPlatforms) = preSolution
		Debug|Any CPU = Debug|Any CPU
		Release|Any CPU = Release|Any CPU
	EndGlobalSection
	GlobalSection(ProjectConfigurationPlatforms) = postSolution
		{638947CF-B236-47C6-9F97-D3C51CD2A1E4}.Debug|Any CPU.ActiveCfg = Debug|Any CPU
		{638947CF-B236-47C6-9F97-D3C51CD2A1E4}.Debug|Any CPU.Build.0 = Debug|Any CPU
		{638947CF-B236-47C6-9F97-D3C51CD2A1E4}.Release|Any CPU.ActiveCfg = Release|Any CPU
		{638947CF-B236-47C6-9F97-D3C51CD2A1E4}.Release|Any CPU.Build.0 = Release|Any CPU
	EndGlobalSection
	GlobalSection(SolutionProperties) = preSolution
		HideSolutionNode = FALSE
	EndGlobalSection
	GlobalSection(ExtensibilityGlobals) = postSolution
		SolutionGuid = {F62090A0-E5B9-4AB6-9186-7679184DCC78}
	EndGlobalSection
EndGlobal
